
Microsoft Visual Studio Solution File, Format Version 12.00
# Visual Studio Version 17
VisualStudioVersion = 17.0.31903.59
MinimumVisualStudioVersion = 10.0.40219.1
Project("{2150E333-8FDC-42A3-9474-1A3956D46DE8}") = "src", "src", "{827E0CD3-B72D-47B6-A68D-7590B98EB39B}"
EndProject
Project("{FAE04EC0-301F-11D3-BF4B-00C04F79EFBC}") = "DigitalVault.Domain", "src\DigitalVault.Domain\DigitalVault.Domain.csproj", "{436E0B27-1B55-4A92-BE8B-B1E3306C01A9}"
EndProject
Project("{FAE04EC0-301F-11D3-BF4B-00C04F79EFBC}") = "DigitalVault.Application", "src\DigitalVault.Application\DigitalVault.Application.csproj", "{3BB2DA5F-2DBF-44A2-94FC-4C3D123E9986}"
EndProject
Project("{FAE04EC0-301F-11D3-BF4B-00C04F79EFBC}") = "DigitalVault.Infrastructure", "src\DigitalVault.Infrastructure\DigitalVault.Infrastructure.csproj", "{16C29AAB-4322-4E8D-BF9A-AD8BCACBDA7B}"
EndProject
Project("{FAE04EC0-301F-11D3-BF4B-00C04F79EFBC}") = "DigitalVault.API", "src\DigitalVault.API\DigitalVault.API.csproj", "{AF9C3B55-181E-465B-8F70-6F2EE1D53941}"
EndProject
Project("{FAE04EC0-301F-11D3-BF4B-00C04F79EFBC}") = "DigitalVault.Client", "src\DigitalVault.Client\DigitalVault.Client.csproj", "{FA4E4458-9E1F-4DF1-8CE2-0A0992ED0EBD}"
EndProject
Project("{FAE04EC0-301F-11D3-BF4B-00C04F79EFBC}") = "DigitalVault.Shared", "src\DigitalVault.Shared\DigitalVault.Shared.csproj", "{A69EAB56-1C3B-45AE-BC5A-9666D9DA609C}"
EndProject
Project("{2150E333-8FDC-42A3-9474-1A3956D46DE8}") = "tests", "tests", "{0AB3BF05-4346-4AA6-1389-037BE0695223}"
EndProject
Project("{FAE04EC0-301F-11D3-BF4B-00C04F79EFBC}") = "DigitalVault.UnitTests", "tests\DigitalVault.UnitTests\DigitalVault.UnitTests.csproj", "{B2DB0B9C-750D-40E5-9A79-29FB64BDB8DC}"
EndProject
Project("{FAE04EC0-301F-11D3-BF4B-00C04F79EFBC}") = "DigitalVault.IntegrationTests", "tests\DigitalVault.IntegrationTests\DigitalVault.IntegrationTests.csproj", "{06563578-EE3C-4699-A00A-F58E65ECE83B}"
EndProject
Project("{FAE04EC0-301F-11D3-BF4B-00C04F79EFBC}") = "DigitalVault.Gateway", "src\DigitalVault.Gateway\DigitalVault.Gateway.csproj", "{AD50DBDC-A96F-43EA-8BA9-6681F85BA8B8}"
EndProject
Project("{FAE04EC0-301F-11D3-BF4B-00C04F79EFBC}") = "DigitalVault.Logic", "src\DigitalVault.Logic\DigitalVault.Logic.csproj", "{57D62156-3A2E-4FB3-BFE4-CC572B8497BA}"
EndProject
Project("{FAE04EC0-301F-11D3-BF4B-00C04F79EFBC}") = "DigitalVault.LandingPage", "src\DigitalVault.LandingPage\DigitalVault.LandingPage.csproj", "{CA31AD49-B2FF-4A66-AA0D-318CA98DF100}"
EndProject
Global
	GlobalSection(SolutionConfigurationPlatforms) = preSolution
		Debug|Any CPU = Debug|Any CPU
		Debug|x64 = Debug|x64
		Debug|x86 = Debug|x86
		Release|Any CPU = Release|Any CPU
		Release|x64 = Release|x64
		Release|x86 = Release|x86
	EndGlobalSection
	GlobalSection(ProjectConfigurationPlatforms) = postSolution
		{436E0B27-1B55-4A92-BE8B-B1E3306C01A9}.Debug|Any CPU.ActiveCfg = Debug|Any CPU
		{436E0B27-1B55-4A92-BE8B-B1E3306C01A9}.Debug|Any CPU.Build.0 = Debug|Any CPU
		{436E0B27-1B55-4A92-BE8B-B1E3306C01A9}.Debug|x64.ActiveCfg = Debug|Any CPU
		{436E0B27-1B55-4A92-BE8B-B1E3306C01A9}.Debug|x64.Build.0 = Debug|Any CPU
		{436E0B27-1B55-4A92-BE8B-B1E3306C01A9}.Debug|x86.ActiveCfg = Debug|Any CPU
		{436E0B27-1B55-4A92-BE8B-B1E3306C01A9}.Debug|x86.Build.0 = Debug|Any CPU
		{436E0B27-1B55-4A92-BE8B-B1E3306C01A9}.Release|Any CPU.ActiveCfg = Release|Any CPU
		{436E0B27-1B55-4A92-BE8B-B1E3306C01A9}.Release|Any CPU.Build.0 = Release|Any CPU
		{436E0B27-1B55-4A92-BE8B-B1E3306C01A9}.Release|x64.ActiveCfg = Release|Any CPU
		{436E0B27-1B55-4A92-BE8B-B1E3306C01A9}.Release|x64.Build.0 = Release|Any CPU
		{436E0B27-1B55-4A92-BE8B-B1E3306C01A9}.Release|x86.ActiveCfg = Release|Any CPU
		{436E0B27-1B55-4A92-BE8B-B1E3306C01A9}.Release|x86.Build.0 = Release|Any CPU
		{3BB2DA5F-2DBF-44A2-94FC-4C3D123E9986}.Debug|Any CPU.ActiveCfg = Debug|Any CPU
		{3BB2DA5F-2DBF-44A2-94FC-4C3D123E9986}.Debug|Any CPU.Build.0 = Debug|Any CPU
		{3BB2DA5F-2DBF-44A2-94FC-4C3D123E9986}.Debug|x64.ActiveCfg = Debug|Any CPU
		{3BB2DA5F-2DBF-44A2-94FC-4C3D123E9986}.Debug|x64.Build.0 = Debug|Any CPU
		{3BB2DA5F-2DBF-44A2-94FC-4C3D123E9986}.Debug|x86.ActiveCfg = Debug|Any CPU
		{3BB2DA5F-2DBF-44A2-94FC-4C3D123E9986}.Debug|x86.Build.0 = Debug|Any CPU
		{3BB2DA5F-2DBF-44A2-94FC-4C3D123E9986}.Release|Any CPU.ActiveCfg = Release|Any CPU
		{3BB2DA5F-2DBF-44A2-94FC-4C3D123E9986}.Release|Any CPU.Build.0 = Release|Any CPU
		{3BB2DA5F-2DBF-44A2-94FC-4C3D123E9986}.Release|x64.ActiveCfg = Release|Any CPU
		{3BB2DA5F-2DBF-44A2-94FC-4C3D123E9986}.Release|x64.Build.0 = Release|Any CPU
		{3BB2DA5F-2DBF-44A2-94FC-4C3D123E9986}.Release|x86.ActiveCfg = Release|Any CPU
		{3BB2DA5F-2DBF-44A2-94FC-4C3D123E9986}.Release|x86.Build.0 = Release|Any CPU
		{16C29AAB-4322-4E8D-BF9A-AD8BCACBDA7B}.Debug|Any CPU.ActiveCfg = Debug|Any CPU
		{16C29AAB-4322-4E8D-BF9A-AD8BCACBDA7B}.Debug|Any CPU.Build.0 = Debug|Any CPU
		{16C29AAB-4322-4E8D-BF9A-AD8BCACBDA7B}.Debug|x64.ActiveCfg = Debug|Any CPU
		{16C29AAB-4322-4E8D-BF9A-AD8BCACBDA7B}.Debug|x64.Build.0 = Debug|Any CPU
		{16C29AAB-4322-4E8D-BF9A-AD8BCACBDA7B}.Debug|x86.ActiveCfg = Debug|Any CPU
		{16C29AAB-4322-4E8D-BF9A-AD8BCACBDA7B}.Debug|x86.Build.0 = Debug|Any CPU
		{16C29AAB-4322-4E8D-BF9A-AD8BCACBDA7B}.Release|Any CPU.ActiveCfg = Release|Any CPU
		{16C29AAB-4322-4E8D-BF9A-AD8BCACBDA7B}.Release|Any CPU.Build.0 = Release|Any CPU
		{16C29AAB-4322-4E8D-BF9A-AD8BCACBDA7B}.Release|x64.ActiveCfg = Release|Any CPU
		{16C29AAB-4322-4E8D-BF9A-AD8BCACBDA7B}.Release|x64.Build.0 = Release|Any CPU
		{16C29AAB-4322-4E8D-BF9A-AD8BCACBDA7B}.Release|x86.ActiveCfg = Release|Any CPU
		{16C29AAB-4322-4E8D-BF9A-AD8BCACBDA7B}.Release|x86.Build.0 = Release|Any CPU
		{AF9C3B55-181E-465B-8F70-6F2EE1D53941}.Debug|Any CPU.ActiveCfg = Debug|Any CPU
		{AF9C3B55-181E-465B-8F70-6F2EE1D53941}.Debug|Any CPU.Build.0 = Debug|Any CPU
		{AF9C3B55-181E-465B-8F70-6F2EE1D53941}.Debug|x64.ActiveCfg = Debug|Any CPU
		{AF9C3B55-181E-465B-8F70-6F2EE1D53941}.Debug|x64.Build.0 = Debug|Any CPU
		{AF9C3B55-181E-465B-8F70-6F2EE1D53941}.Debug|x86.ActiveCfg = Debug|Any CPU
		{AF9C3B55-181E-465B-8F70-6F2EE1D53941}.Debug|x86.Build.0 = Debug|Any CPU
		{AF9C3B55-181E-465B-8F70-6F2EE1D53941}.Release|Any CPU.ActiveCfg = Release|Any CPU
		{AF9C3B55-181E-465B-8F70-6F2EE1D53941}.Release|Any CPU.Build.0 = Release|Any CPU
		{AF9C3B55-181E-465B-8F70-6F2EE1D53941}.Release|x64.ActiveCfg = Release|Any CPU
		{AF9C3B55-181E-465B-8F70-6F2EE1D53941}.Release|x64.Build.0 = Release|Any CPU
		{AF9C3B55-181E-465B-8F70-6F2EE1D53941}.Release|x86.ActiveCfg = Release|Any CPU
		{AF9C3B55-181E-465B-8F70-6F2EE1D53941}.Release|x86.Build.0 = Release|Any CPU
		{FA4E4458-9E1F-4DF1-8CE2-0A0992ED0EBD}.Debug|Any CPU.ActiveCfg = Debug|Any CPU
		{FA4E4458-9E1F-4DF1-8CE2-0A0992ED0EBD}.Debug|Any CPU.Build.0 = Debug|Any CPU
		{FA4E4458-9E1F-4DF1-8CE2-0A0992ED0EBD}.Debug|x64.ActiveCfg = Debug|Any CPU
		{FA4E4458-9E1F-4DF1-8CE2-0A0992ED0EBD}.Debug|x64.Build.0 = Debug|Any CPU
		{FA4E4458-9E1F-4DF1-8CE2-0A0992ED0EBD}.Debug|x86.ActiveCfg = Debug|Any CPU
		{FA4E4458-9E1F-4DF1-8CE2-0A0992ED0EBD}.Debug|x86.Build.0 = Debug|Any CPU
		{FA4E4458-9E1F-4DF1-8CE2-0A0992ED0EBD}.Release|Any CPU.ActiveCfg = Release|Any CPU
		{FA4E4458-9E1F-4DF1-8CE2-0A0992ED0EBD}.Release|Any CPU.Build.0 = Release|Any CPU
		{FA4E4458-9E1F-4DF1-8CE2-0A0992ED0EBD}.Release|x64.ActiveCfg = Release|Any CPU
		{FA4E4458-9E1F-4DF1-8CE2-0A0992ED0EBD}.Release|x64.Build.0 = Release|Any CPU
		{FA4E4458-9E1F-4DF1-8CE2-0A0992ED0EBD}.Release|x86.ActiveCfg = Release|Any CPU
		{FA4E4458-9E1F-4DF1-8CE2-0A0992ED0EBD}.Release|x86.Build.0 = Release|Any CPU
		{A69EAB56-1C3B-45AE-BC5A-9666D9DA609C}.Debug|Any CPU.ActiveCfg = Debug|Any CPU
		{A69EAB56-1C3B-45AE-BC5A-9666D9DA609C}.Debug|Any CPU.Build.0 = Debug|Any CPU
		{A69EAB56-1C3B-45AE-BC5A-9666D9DA609C}.Debug|x64.ActiveCfg = Debug|Any CPU
		{A69EAB56-1C3B-45AE-BC5A-9666D9DA609C}.Debug|x64.Build.0 = Debug|Any CPU
		{A69EAB56-1C3B-45AE-BC5A-9666D9DA609C}.Debug|x86.ActiveCfg = Debug|Any CPU
		{A69EAB56-1C3B-45AE-BC5A-9666D9DA609C}.Debug|x86.Build.0 = Debug|Any CPU
		{A69EAB56-1C3B-45AE-BC5A-9666D9DA609C}.Release|Any CPU.ActiveCfg = Release|Any CPU
		{A69EAB56-1C3B-45AE-BC5A-9666D9DA609C}.Release|Any CPU.Build.0 = Release|Any CPU
		{A69EAB56-1C3B-45AE-BC5A-9666D9DA609C}.Release|x64.ActiveCfg = Release|Any CPU
		{A69EAB56-1C3B-45AE-BC5A-9666D9DA609C}.Release|x64.Build.0 = Release|Any CPU
		{A69EAB56-1C3B-45AE-BC5A-9666D9DA609C}.Release|x86.ActiveCfg = Release|Any CPU
		{A69EAB56-1C3B-45AE-BC5A-9666D9DA609C}.Release|x86.Build.0 = Release|Any CPU
		{B2DB0B9C-750D-40E5-9A79-29FB64BDB8DC}.Debug|Any CPU.ActiveCfg = Debug|Any CPU
		{B2DB0B9C-750D-40E5-9A79-29FB64BDB8DC}.Debug|Any CPU.Build.0 = Debug|Any CPU
		{B2DB0B9C-750D-40E5-9A79-29FB64BDB8DC}.Debug|x64.ActiveCfg = Debug|Any CPU
		{B2DB0B9C-750D-40E5-9A79-29FB64BDB8DC}.Debug|x64.Build.0 = Debug|Any CPU
		{B2DB0B9C-750D-40E5-9A79-29FB64BDB8DC}.Debug|x86.ActiveCfg = Debug|Any CPU
		{B2DB0B9C-750D-40E5-9A79-29FB64BDB8DC}.Debug|x86.Build.0 = Debug|Any CPU
		{B2DB0B9C-750D-40E5-9A79-29FB64BDB8DC}.Release|Any CPU.ActiveCfg = Release|Any CPU
		{B2DB0B9C-750D-40E5-9A79-29FB64BDB8DC}.Release|Any CPU.Build.0 = Release|Any CPU
		{B2DB0B9C-750D-40E5-9A79-29FB64BDB8DC}.Release|x64.ActiveCfg = Release|Any CPU
		{B2DB0B9C-750D-40E5-9A79-29FB64BDB8DC}.Release|x64.Build.0 = Release|Any CPU
		{B2DB0B9C-750D-40E5-9A79-29FB64BDB8DC}.Release|x86.ActiveCfg = Release|Any CPU
		{B2DB0B9C-750D-40E5-9A79-29FB64BDB8DC}.Release|x86.Build.0 = Release|Any CPU
		{06563578-EE3C-4699-A00A-F58E65ECE83B}.Debug|Any CPU.ActiveCfg = Debug|Any CPU
		{06563578-EE3C-4699-A00A-F58E65ECE83B}.Debug|Any CPU.Build.0 = Debug|Any CPU
		{06563578-EE3C-4699-A00A-F58E65ECE83B}.Debug|x64.ActiveCfg = Debug|Any CPU
		{06563578-EE3C-4699-A00A-F58E65ECE83B}.Debug|x64.Build.0 = Debug|Any CPU
		{06563578-EE3C-4699-A00A-F58E65ECE83B}.Debug|x86.ActiveCfg = Debug|Any CPU
		{06563578-EE3C-4699-A00A-F58E65ECE83B}.Debug|x86.Build.0 = Debug|Any CPU
		{06563578-EE3C-4699-A00A-F58E65ECE83B}.Release|Any CPU.ActiveCfg = Release|Any CPU
		{06563578-EE3C-4699-A00A-F58E65ECE83B}.Release|Any CPU.Build.0 = Release|Any CPU
		{06563578-EE3C-4699-A00A-F58E65ECE83B}.Release|x64.ActiveCfg = Release|Any CPU
		{06563578-EE3C-4699-A00A-F58E65ECE83B}.Release|x64.Build.0 = Release|Any CPU
		{06563578-EE3C-4699-A00A-F58E65ECE83B}.Release|x86.ActiveCfg = Release|Any CPU
		{06563578-EE3C-4699-A00A-F58E65ECE83B}.Release|x86.Build.0 = Release|Any CPU
		{AD50DBDC-A96F-43EA-8BA9-6681F85BA8B8}.Debug|Any CPU.ActiveCfg = Debug|Any CPU
		{AD50DBDC-A96F-43EA-8BA9-6681F85BA8B8}.Debug|Any CPU.Build.0 = Debug|Any CPU
		{AD50DBDC-A96F-43EA-8BA9-6681F85BA8B8}.Debug|x64.ActiveCfg = Debug|Any CPU
		{AD50DBDC-A96F-43EA-8BA9-6681F85BA8B8}.Debug|x64.Build.0 = Debug|Any CPU
		{AD50DBDC-A96F-43EA-8BA9-6681F85BA8B8}.Debug|x86.ActiveCfg = Debug|Any CPU
		{AD50DBDC-A96F-43EA-8BA9-6681F85BA8B8}.Debug|x86.Build.0 = Debug|Any CPU
		{AD50DBDC-A96F-43EA-8BA9-6681F85BA8B8}.Release|Any CPU.ActiveCfg = Release|Any CPU
		{AD50DBDC-A96F-43EA-8BA9-6681F85BA8B8}.Release|Any CPU.Build.0 = Release|Any CPU
		{AD50DBDC-A96F-43EA-8BA9-6681F85BA8B8}.Release|x64.ActiveCfg = Release|Any CPU
		{AD50DBDC-A96F-43EA-8BA9-6681F85BA8B8}.Release|x64.Build.0 = Release|Any CPU
		{AD50DBDC-A96F-43EA-8BA9-6681F85BA8B8}.Release|x86.ActiveCfg = Release|Any CPU
		{AD50DBDC-A96F-43EA-8BA9-6681F85BA8B8}.Release|x86.Build.0 = Release|Any CPU
		{57D62156-3A2E-4FB3-BFE4-CC572B8497BA}.Debug|Any CPU.ActiveCfg = Debug|Any CPU
		{57D62156-3A2E-4FB3-BFE4-CC572B8497BA}.Debug|Any CPU.Build.0 = Debug|Any CPU
		{57D62156-3A2E-4FB3-BFE4-CC572B8497BA}.Debug|x64.ActiveCfg = Debug|Any CPU
		{57D62156-3A2E-4FB3-BFE4-CC572B8497BA}.Debug|x64.Build.0 = Debug|Any CPU
		{57D62156-3A2E-4FB3-BFE4-CC572B8497BA}.Debug|x86.ActiveCfg = Debug|Any CPU
		{57D62156-3A2E-4FB3-BFE4-CC572B8497BA}.Debug|x86.Build.0 = Debug|Any CPU
		{57D62156-3A2E-4FB3-BFE4-CC572B8497BA}.Release|Any CPU.ActiveCfg = Release|Any CPU
		{57D62156-3A2E-4FB3-BFE4-CC572B8497BA}.Release|Any CPU.Build.0 = Release|Any CPU
		{57D62156-3A2E-4FB3-BFE4-CC572B8497BA}.Release|x64.ActiveCfg = Release|Any CPU
		{57D62156-3A2E-4FB3-BFE4-CC572B8497BA}.Release|x64.Build.0 = Release|Any CPU
		{57D62156-3A2E-4FB3-BFE4-CC572B8497BA}.Release|x86.ActiveCfg = Release|Any CPU
		{57D62156-3A2E-4FB3-BFE4-CC572B8497BA}.Release|x86.Build.0 = Release|Any CPU
		{CA31AD49-B2FF-4A66-AA0D-318CA98DF100}.Debug|Any CPU.ActiveCfg = Debug|Any CPU
		{CA31AD49-B2FF-4A66-AA0D-318CA98DF100}.Debug|Any CPU.Build.0 = Debug|Any CPU
		{CA31AD49-B2FF-4A66-AA0D-318CA98DF100}.Debug|x64.ActiveCfg = Debug|Any CPU
		{CA31AD49-B2FF-4A66-AA0D-318CA98DF100}.Debug|x64.Build.0 = Debug|Any CPU
		{CA31AD49-B2FF-4A66-AA0D-318CA98DF100}.Debug|x86.ActiveCfg = Debug|Any CPU
		{CA31AD49-B2FF-4A66-AA0D-318CA98DF100}.Debug|x86.Build.0 = Debug|Any CPU
		{CA31AD49-B2FF-4A66-AA0D-318CA98DF100}.Release|Any CPU.ActiveCfg = Release|Any CPU
		{CA31AD49-B2FF-4A66-AA0D-318CA98DF100}.Release|Any CPU.Build.0 = Release|Any CPU
		{CA31AD49-B2FF-4A66-AA0D-318CA98DF100}.Release|x64.ActiveCfg = Release|Any CPU
		{CA31AD49-B2FF-4A66-AA0D-318CA98DF100}.Release|x64.Build.0 = Release|Any CPU
		{CA31AD49-B2FF-4A66-AA0D-318CA98DF100}.Release|x86.ActiveCfg = Release|Any CPU
		{CA31AD49-B2FF-4A66-AA0D-318CA98DF100}.Release|x86.Build.0 = Release|Any CPU
	EndGlobalSection
	GlobalSection(SolutionProperties) = preSolution
		HideSolutionNode = FALSE
	EndGlobalSection
	GlobalSection(NestedProjects) = preSolution
		{436E0B27-1B55-4A92-BE8B-B1E3306C01A9} = {827E0CD3-B72D-47B6-A68D-7590B98EB39B}
		{3BB2DA5F-2DBF-44A2-94FC-4C3D123E9986} = {827E0CD3-B72D-47B6-A68D-7590B98EB39B}
		{16C29AAB-4322-4E8D-BF9A-AD8BCACBDA7B} = {827E0CD3-B72D-47B6-A68D-7590B98EB39B}
		{AF9C3B55-181E-465B-8F70-6F2EE1D53941} = {827E0CD3-B72D-47B6-A68D-7590B98EB39B}
		{FA4E4458-9E1F-4DF1-8CE2-0A0992ED0EBD} = {827E0CD3-B72D-47B6-A68D-7590B98EB39B}
		{A69EAB56-1C3B-45AE-BC5A-9666D9DA609C} = {827E0CD3-B72D-47B6-A68D-7590B98EB39B}
		{B2DB0B9C-750D-40E5-9A79-29FB64BDB8DC} = {0AB3BF05-4346-4AA6-1389-037BE0695223}
		{06563578-EE3C-4699-A00A-F58E65ECE83B} = {0AB3BF05-4346-4AA6-1389-037BE0695223}
		{AD50DBDC-A96F-43EA-8BA9-6681F85BA8B8} = {827E0CD3-B72D-47B6-A68D-7590B98EB39B}
		{57D62156-3A2E-4FB3-BFE4-CC572B8497BA} = {827E0CD3-B72D-47B6-A68D-7590B98EB39B}
		{CA31AD49-B2FF-4A66-AA0D-318CA98DF100} = {827E0CD3-B72D-47B6-A68D-7590B98EB39B}
	EndGlobalSection
EndGlobal
